<?xml version="1.0" encoding="utf-8"?>
<Project ToolsVersion="4.0" xmlns="http://schemas.microsoft.com/developer/msbuild/2003">
  <ItemGroup>
    <Filter Include="Source Files">
      <UniqueIdentifier>{4FC737F1-C7A5-4376-A066-2A32D752A2FF}</UniqueIdentifier>
      <Extensions>cpp;c;cc;cxx;def;odl;idl;hpj;bat;asm;asmx</Extensions>
    </Filter>
    <Filter Include="Header Files">
      <UniqueIdentifier>{93995380-89BD-4b04-88EB-625FBE52EBFB}</UniqueIdentifier>
      <Extensions>h;hh;hpp;hxx;hm;inl;inc;xsd</Extensions>
    </Filter>
    <Filter Include="Resource Files">
      <UniqueIdentifier>{67DA6AB6-F800-4c08-8B7A-83BB121AAD01}</UniqueIdentifier>
      <Extensions>rc;ico;cur;bmp;dlg;rc2;rct;bin;rgs;gif;jpg;jpeg;jpe;resx;tiff;tif;png;wav;mfcribbon-ms</Extensions>
    </Filter>
    <Filter Include="Source Files\Render">
      <UniqueIdentifier>{d5b4e6fb-398b-4b2e-9885-e399d70bc15a}</UniqueIdentifier>
    </Filter>
    <Filter Include="Source Files\Sound">
      <UniqueIdentifier>{8fea3a3d-9741-459c-9f78-6a473240cad4}</UniqueIdentifier>
    </Filter>
    <Filter Include="Source Files\Input">
      <UniqueIdentifier>{837625a3-c821-479e-99af-d558015bb193}</UniqueIdentifier>
    </Filter>
    <Filter Include="Source Files\Engine Assets">
      <UniqueIdentifier>{eedcfded-fd22-4914-be5f-1337f4670748}</UniqueIdentifier>
    </Filter>
    <Filter Include="Source Files\Render2">
      <UniqueIdentifier>{bcfad29d-ae6e-4477-bd7b-830e6a0d772a}</UniqueIdentifier>
    </Filter>
  </ItemGroup>
  <ItemGroup>
    <ClCompile Include="input_main.cpp">
      <Filter>Source Files\Input</Filter>
    </ClCompile>
    <ClCompile Include="Digital_Input.cpp">
      <Filter>Source Files\Input</Filter>
    </ClCompile>
    <ClCompile Include="Analog_Input.cpp">
      <Filter>Source Files\Input</Filter>
    </ClCompile>
    <ClCompile Include="background_object.cpp">
      <Filter>Source Files\Render</Filter>
    </ClCompile>
    <ClCompile Include="forground_object.cpp">
      <Filter>Source Files\Render</Filter>
    </ClCompile>
    <ClCompile Include="render_class.cpp">
      <Filter>Source Files\Render</Filter>
    </ClCompile>
    <ClCompile Include="text_rendering.cpp">
      <Filter>Source Files\Render</Filter>
    </ClCompile>
    <ClCompile Include="DirectSound.cpp">
      <Filter>Source Files\Sound</Filter>
    </ClCompile>
    <ClCompile Include="sound_file.cpp">
      <Filter>Source Files\Sound</Filter>
    </ClCompile>
    <ClCompile Include="sound_main.cpp">
      <Filter>Source Files\Sound</Filter>
    </ClCompile>
    <ClCompile Include="Sprite_Base_Class.cpp">
      <Filter>Source Files\Engine Assets</Filter>
    </ClCompile>
    <ClCompile Include="Physics_Main.cpp">
      <Filter>Source Files\Engine Assets</Filter>
    </ClCompile>
    <ClCompile Include="Sprite_Button.cpp">
      <Filter>Source Files\Engine Assets</Filter>
    </ClCompile>
    <ClCompile Include="Sprite_Cursor.cpp">
      <Filter>Source Files\Engine Assets</Filter>
    </ClCompile>
    <ClCompile Include="Sprite_Management.cpp">
      <Filter>Source Files\Engine Assets</Filter>
    </ClCompile>
    <ClCompile Include="Scene_Main.cpp">
      <Filter>Source Files\Engine Assets</Filter>
    </ClCompile>
    <ClCompile Include="Render2.cpp">
      <Filter>Source Files\Render2</Filter>
    </ClCompile>
  </ItemGroup>
  <ItemGroup>
    <ClInclude Include="universal_includes.h">
      <Filter>Header Files</Filter>
    </ClInclude>
    <ClInclude Include="text_rendering.h">
      <Filter>Header Files</Filter>
    </ClInclude>
    <ClInclude Include="sprites.h">
      <Filter>Header Files</Filter>
    </ClInclude>
    <ClInclude Include="sound.h">
      <Filter>Header Files</Filter>
    </ClInclude>
    <ClInclude Include="render_2.h">
      <Filter>Header Files</Filter>
    </ClInclude>
    <ClInclude Include="render.h">
      <Filter>Header Files</Filter>
    </ClInclude>
    <ClInclude Include="physics.h">
      <Filter>Header Files</Filter>
    </ClInclude>
    <ClInclude Include="menu-support.h">
      <Filter>Header Files</Filter>
    </ClInclude>
    <ClInclude Include="input.h">
      <Filter>Header Files</Filter>
    </ClInclude>
    <ClInclude Include="fatcore_scene.h">
      <Filter>Header Files</Filter>
    </ClInclude>
    <ClInclude Include="errors.h">
      <Filter>Header Files</Filter>
    </ClInclude>
    <ClInclude Include="DirectSound.h">
      <Filter>Header Files</Filter>
    </ClInclude>
    <ClInclude Include="debug.h">
      <Filter>Header Files</Filter>
    </ClInclude>
    <ClInclude Include="core.h">
      <Filter>Header Files</Filter>
    </ClInclude>
    <ClInclude Include="FatCore.h">
      <Filter>Header Files</Filter>
    </ClInclude>
    <ClInclude Include="fatcore_spriteID.h">
      <Filter>Header Files</Filter>
    </ClInclude>
  </ItemGroup>
</Project>